
Microsoft Visual Studio Solution File, Format Version 12.00
# Visual Studio Version 17
VisualStudioVersion = 17.9.34714.143
MinimumVisualStudioVersion = 10.0.40219.1
Project("{FAE04EC0-301F-11D3-BF4B-00C04F79EFBC}") = "Click4KAarmachari", "Click4KAarmachari\Click4KAarmachari.csproj", "{B6B3943B-6863-4F7A-80BE-01AFE08D3528}"
EndProject
Global
	GlobalSection(SolutionConfigurationPlatforms) = preSolution
		Debug|Any CPU = Debug|Any CPU
		Release|Any CPU = Release|Any CPU
	EndGlobalSection
	GlobalSection(ProjectConfigurationPlatforms) = postSolution
		{B6B3943B-6863-4F7A-80BE-01AFE08D3528}.Debug|Any CPU.ActiveCfg = Debug|Any CPU
		{B6B3943B-6863-4F7A-80BE-01AFE08D3528}.Debug|Any CPU.Build.0 = Debug|Any CPU
		{B6B3943B-6863-4F7A-80BE-01AFE08D3528}.Release|Any CPU.ActiveCfg = Release|Any CPU
		{B6B3943B-6863-4F7A-80BE-01AFE08D3528}.Release|Any CPU.Build.0 = Release|Any CPU
	EndGlobalSection
	GlobalSection(SolutionProperties) = preSolution
		HideSolutionNode = FALSE
	EndGlobalSection
	GlobalSection(ExtensibilityGlobals) = postSolution
		SolutionGuid = {9FCE114B-1967-4212-8A94-33CA92258A31}
	EndGlobalSection
EndGlobal
